// !$*UTF8*$!
{
	archiveVersion = 1;
	classes = {
	};
	objectVersion = 46;
	objects = {

/* Begin PBXBuildFile section */
		F1DE42F01BB6D32C00980A5B /* AppDelegate.swift in Sources */ = {isa = PBXBuildFile; fileRef = F1DE42EF1BB6D32C00980A5B /* AppDelegate.swift */; };
		F1DE42F21BB6D32C00980A5B /* FirstViewController.swift in Sources */ = {isa = PBXBuildFile; fileRef = F1DE42F11BB6D32C00980A5B /* FirstViewController.swift */; };
		F1DE42F41BB6D32C00980A5B /* SecondViewController.swift in Sources */ = {isa = PBXBuildFile; fileRef = F1DE42F31BB6D32C00980A5B /* SecondViewController.swift */; };
		F1DE42F71BB6D32C00980A5B /* Main.storyboard in Resources */ = {isa = PBXBuildFile; fileRef = F1DE42F51BB6D32C00980A5B /* Main.storyboard */; };
		F1DE42F91BB6D32C00980A5B /* Assets.xcassets in Resources */ = {isa = PBXBuildFile; fileRef = F1DE42F81BB6D32C00980A5B /* Assets.xcassets */; };
		F1DE42FC1BB6D32C00980A5B /* LaunchScreen.storyboard in Resources */ = {isa = PBXBuildFile; fileRef = F1DE42FA1BB6D32C00980A5B /* LaunchScreen.storyboard */; };
		F1DE43071BB6D32D00980A5B /* To_Do_ListTests.swift in Sources */ = {isa = PBXBuildFile; fileRef = F1DE43061BB6D32D00980A5B /* To_Do_ListTests.swift */; };
		F1DE43121BB6D32D00980A5B /* To_Do_ListUITests.swift in Sources */ = {isa = PBXBuildFile; fileRef = F1DE43111BB6D32D00980A5B /* To_Do_ListUITests.swift */; };
/* End PBXBuildFile section */

/* Begin PBXContainerItemProxy section */
		F1DE43031BB6D32D00980A5B /* PBXContainerItemProxy */ = {
			isa = PBXContainerItemProxy;
			containerPortal = F1DE42E41BB6D32C00980A5B /* Project object */;
			proxyType = 1;
			remoteGlobalIDString = F1DE42EB1BB6D32C00980A5B;
			remoteInfo = "To Do List";
		};
		F1DE430E1BB6D32D00980A5B /* PBXContainerItemProxy */ = {
			isa = PBXContainerItemProxy;
			containerPortal = F1DE42E41BB6D32C00980A5B /* Project object */;
			proxyType = 1;
			remoteGlobalIDString = F1DE42EB1BB6D32C00980A5B;
			remoteInfo = "To Do List";
		};
/* End PBXContainerItemProxy section */

/* Begin PBXFileReference section */
		F1DE42EC1BB6D32C00980A5B /* To Do List.app */ = {isa = PBXFileReference; explicitFileType = wrapper.application; includeInIndex = 0; path = "To Do List.app"; sourceTree = BUILT_PRODUCTS_DIR; };
		F1DE42EF1BB6D32C00980A5B /* AppDelegate.swift */ = {isa = PBXFileReference; lastKnownFileType = sourcecode.swift; path = AppDelegate.swift; sourceTree = "<group>"; };
		F1DE42F11BB6D32C00980A5B /* FirstViewController.swift */ = {isa = PBXFileReference; lastKnownFileType = sourcecode.swift; path = FirstViewController.swift; sourceTree = "<group>"; };
		F1DE42F31BB6D32C00980A5B /* SecondViewController.swift */ = {isa = PBXFileReference; lastKnownFileType = sourcecode.swift; path = SecondViewController.swift; sourceTree = "<group>"; };
		F1DE42F61BB6D32C00980A5B /* Base */ = {isa = PBXFileReference; lastKnownFileType = file.storyboard; name = Base; path = Base.lproj/Main.storyboard; sourceTree = "<group>"; };
		F1DE42F81BB6D32C00980A5B /* Assets.xcassets */ = {isa = PBXFileReference; lastKnownFileType = folder.assetcatalog; path = Assets.xcassets; sourceTree = "<group>"; };
		F1DE42FB1BB6D32C00980A5B /* Base */ = {isa = PBXFileReference; lastKnownFileType = file.storyboard; name = Base; path = Base.lproj/LaunchScreen.storyboard; sourceTree = "<group>"; };
		F1DE42FD1BB6D32C00980A5B /* Info.plist */ = {isa = PBXFileReference; lastKnownFileType = text.plist.xml; path = Info.plist; sourceTree = "<group>"; };
		F1DE43021BB6D32D00980A5B /* To Do ListTests.xctest */ = {isa = PBXFileReference; explicitFileType = wrapper.cfbundle; includeInIndex = 0; path = "To Do ListTests.xctest"; sourceTree = BUILT_PRODUCTS_DIR; };
		F1DE43061BB6D32D00980A5B /* To_Do_ListTests.swift */ = {isa = PBXFileReference; lastKnownFileType = sourcecode.swift; path = To_Do_ListTests.swift; sourceTree = "<group>"; };
		F1DE43081BB6D32D00980A5B /* Info.plist */ = {isa = PBXFileReference; lastKnownFileType = text.plist.xml; path = Info.plist; sourceTree = "<group>"; };
		F1DE430D1BB6D32D00980A5B /* To Do ListUITests.xctest */ = {isa = PBXFileReference; explicitFileType = wrapper.cfbundle; includeInIndex = 0; path = "To Do ListUITests.xctest"; sourceTree = BUILT_PRODUCTS_DIR; };
		F1DE43111BB6D32D00980A5B /* To_Do_ListUITests.swift */ = {isa = PBXFileReference; lastKnownFileType = sourcecode.swift; path = To_Do_ListUITests.swift; sourceTree = "<group>"; };
		F1DE43131BB6D32D00980A5B /* Info.plist */ = {isa = PBXFileReference; lastKnownFileType = text.plist.xml; path = Info.plist; sourceTree = "<group>"; };
/* End PBXFileReference section */

/* Begin PBXFrameworksBuildPhase section */
		F1DE42E91BB6D32C00980A5B /* Frameworks */ = {
			isa = PBXFrameworksBuildPhase;
			buildActionMask = 2147483647;
			files = (
			);
			runOnlyForDeploymentPostprocessing = 0;
		};
		F1DE42FF1BB6D32D00980A5B /* Frameworks */ = {
			isa = PBXFrameworksBuildPhase;
			buildActionMask = 2147483647;
			files = (
			);
			runOnlyForDeploymentPostprocessing = 0;
		};
		F1DE430A1BB6D32D00980A5B /* Frameworks */ = {
			isa = PBXFrameworksBuildPhase;
			buildActionMask = 2147483647;
			files = (
			);
			runOnlyForDeploymentPostprocessing = 0;
		};
/* End PBXFrameworksBuildPhase section */

/* Begin PBXGroup section */
		F1DE42E31BB6D32C00980A5B = {
			isa = PBXGroup;
			children = (
				F1DE42EE1BB6D32C00980A5B /* To Do List */,
				F1DE43051BB6D32D00980A5B /* To Do ListTests */,
				F1DE43101BB6D32D00980A5B /* To Do ListUITests */,
				F1DE42ED1BB6D32C00980A5B /* Products */,
			);
			sourceTree = "<group>";
		};
		F1DE42ED1BB6D32C00980A5B /* Products */ = {
			isa = PBXGroup;
			children = (
				F1DE42EC1BB6D32C00980A5B /* To Do List.app */,
				F1DE43021BB6D32D00980A5B /* To Do ListTests.xctest */,
				F1DE430D1BB6D32D00980A5B /* To Do ListUITests.xctest */,
			);
			name = Products;
			sourceTree = "<group>";
		};
		F1DE42EE1BB6D32C00980A5B /* To Do List */ = {
			isa = PBXGroup;
			children = (
				F1DE42F11BB6D32C00980A5B /* FirstViewController.swift */,
				F1DE42F31BB6D32C00980A5B /* SecondViewController.swift */,
				F1DE42F51BB6D32C00980A5B /* Main.storyboard */,
				F1DE431F1BB6D3A300980A5B /* Supp. */,
			);
			path = "To Do List";
			sourceTree = "<group>";
		};
		F1DE43051BB6D32D00980A5B /* To Do ListTests */ = {
			isa = PBXGroup;
			children = (
				F1DE43061BB6D32D00980A5B /* To_Do_ListTests.swift */,
				F1DE43081BB6D32D00980A5B /* Info.plist */,
			);
			path = "To Do ListTests";
			sourceTree = "<group>";
		};
		F1DE43101BB6D32D00980A5B /* To Do ListUITests */ = {
			isa = PBXGroup;
			children = (
				F1DE43111BB6D32D00980A5B /* To_Do_ListUITests.swift */,
				F1DE43131BB6D32D00980A5B /* Info.plist */,
			);
			path = "To Do ListUITests";
			sourceTree = "<group>";
		};
		F1DE431F1BB6D3A300980A5B /* Supp. */ = {
			isa = PBXGroup;
			children = (
				F1DE42F81BB6D32C00980A5B /* Assets.xcassets */,
				F1DE42EF1BB6D32C00980A5B /* AppDelegate.swift */,
				F1DE42FA1BB6D32C00980A5B /* LaunchScreen.storyboard */,
				F1DE42FD1BB6D32C00980A5B /* Info.plist */,
			);
			name = Supp.;
			sourceTree = "<group>";
		};
/* End PBXGroup section */

/* Begin PBXNativeTarget section */
		F1DE42EB1BB6D32C00980A5B /* To Do List */ = {
			isa = PBXNativeTarget;
			buildConfigurationList = F1DE43161BB6D32D00980A5B /* Build configuration list for PBXNativeTarget "To Do List" */;
			buildPhases = (
				F1DE42E81BB6D32C00980A5B /* Sources */,
				F1DE42E91BB6D32C00980A5B /* Frameworks */,
				F1DE42EA1BB6D32C00980A5B /* Resources */,
			);
			buildRules = (
			);
			dependencies = (
			);
			name = "To Do List";
			productName = "To Do List";
			productReference = F1DE42EC1BB6D32C00980A5B /* To Do List.app */;
			productType = "com.apple.product-type.application";
		};
		F1DE43011BB6D32D00980A5B /* To Do ListTests */ = {
			isa = PBXNativeTarget;
			buildConfigurationList = F1DE43191BB6D32D00980A5B /* Build configuration list for PBXNativeTarget "To Do ListTests" */;
			buildPhases = (
				F1DE42FE1BB6D32D00980A5B /* Sources */,
				F1DE42FF1BB6D32D00980A5B /* Frameworks */,
				F1DE43001BB6D32D00980A5B /* Resources */,
			);
			buildRules = (
			);
			dependencies = (
				F1DE43041BB6D32D00980A5B /* PBXTargetDependency */,
			);
			name = "To Do ListTests";
			productName = "To Do ListTests";
			productReference = F1DE43021BB6D32D00980A5B /* To Do ListTests.xctest */;
			productType = "com.apple.product-type.bundle.unit-test";
		};
		F1DE430C1BB6D32D00980A5B /* To Do ListUITests */ = {
			isa = PBXNativeTarget;
			buildConfigurationList = F1DE431C1BB6D32D00980A5B /* Build configuration list for PBXNativeTarget "To Do ListUITests" */;
			buildPhases = (
				F1DE43091BB6D32D00980A5B /* Sources */,
				F1DE430A1BB6D32D00980A5B /* Frameworks */,
				F1DE430B1BB6D32D00980A5B /* Resources */,
			);
			buildRules = (
			);
			dependencies = (
				F1DE430F1BB6D32D00980A5B /* PBXTargetDependency */,
			);
			name = "To Do ListUITests";
			productName = "To Do ListUITests";
			productReference = F1DE430D1BB6D32D00980A5B /* To Do ListUITests.xctest */;
			productType = "com.apple.product-type.bundle.ui-testing";
		};
/* End PBXNativeTarget section */

/* Begin PBXProject section */
		F1DE42E41BB6D32C00980A5B /* Project object */ = {
			isa = PBXProject;
			attributes = {
				LastUpgradeCheck = 0700;
				ORGANIZATIONNAME = "Toph Matta";
				TargetAttributes = {
					F1DE42EB1BB6D32C00980A5B = {
						CreatedOnToolsVersion = 7.0;
					};
					F1DE43011BB6D32D00980A5B = {
						CreatedOnToolsVersion = 7.0;
						TestTargetID = F1DE42EB1BB6D32C00980A5B;
					};
					F1DE430C1BB6D32D00980A5B = {
						CreatedOnToolsVersion = 7.0;
						TestTargetID = F1DE42EB1BB6D32C00980A5B;
					};
				};
			};
			buildConfigurationList = F1DE42E71BB6D32C00980A5B /* Build configuration list for PBXProject "To Do List" */;
			compatibilityVersion = "Xcode 3.2";
			developmentRegion = English;
			hasScannedForEncodings = 0;
			knownRegions = (
				en,
				Base,
			);
			mainGroup = F1DE42E31BB6D32C00980A5B;
			productRefGroup = F1DE42ED1BB6D32C00980A5B /* Products */;
			projectDirPath = "";
			projectRoot = "";
			targets = (
				F1DE42EB1BB6D32C00980A5B /* To Do List */,
				F1DE43011BB6D32D00980A5B /* To Do ListTests */,
				F1DE430C1BB6D32D00980A5B /* To Do ListUITests */,
			);
		};
/* End PBXProject section */

/* Begin PBXResourcesBuildPhase section */
		F1DE42EA1BB6D32C00980A5B /* Resources */ = {
			isa = PBXResourcesBuildPhase;
			buildActionMask = 2147483647;
			files = (
				F1DE42FC1BB6D32C00980A5B /* LaunchScreen.storyboard in Resources */,
				F1DE42F91BB6D32C00980A5B /* Assets.xcassets in Resources */,
				F1DE42F71BB6D32C00980A5B /* Main.storyboard in Resources */,
			);
			runOnlyForDeploymentPostprocessing = 0;
		};
		F1DE43001BB6D32D00980A5B /* Resources */ = {
			isa = PBXResourcesBuildPhase;
			buildActionMask = 2147483647;
			files = (
			);
			runOnlyForDeploymentPostprocessing = 0;
		};
		F1DE430B1BB6D32D00980A5B /* Resources */ = {
			isa = PBXResourcesBuildPhase;
			buildActionMask = 2147483647;
			files = (
			);
			runOnlyForDeploymentPostprocessing = 0;
		};
/* End PBXResourcesBuildPhase section */

/* Begin PBXSourcesBuildPhase section */
		F1DE42E81BB6D32C00980A5B /* Sources */ = {
			isa = PBXSourcesBuildPhase;
			buildActionMask = 2147483647;
			files = (
				F1DE42F41BB6D32C00980A5B /* SecondViewController.swift in Sources */,
				F1DE42F01BB6D32C00980A5B /* AppDelegate.swift in Sources */,
				F1DE42F21BB6D32C00980A5B /* FirstViewController.swift in Sources */,
			);
			runOnlyForDeploymentPostprocessing = 0;
		};
		F1DE42FE1BB6D32D00980A5B /* Sources */ = {
			isa = PBXSourcesBuildPhase;
			buildActionMask = 2147483647;
			files = (
				F1DE43071BB6D32D00980A5B /* To_Do_ListTests.swift in Sources */,
			);
			runOnlyForDeploymentPostprocessing = 0;
		};
		F1DE43091BB6D32D00980A5B /* Sources */ = {
			isa = PBXSourcesBuildPhase;
			buildActionMask = 2147483647;
			files = (
				F1DE43121BB6D32D00980A5B /* To_Do_ListUITests.swift in Sources */,
			);
			runOnlyForDeploymentPostprocessing = 0;
		};
/* End PBXSourcesBuildPhase section */

/* Begin PBXTargetDependency section */
		F1DE43041BB6D32D00980A5B /* PBXTargetDependency */ = {
			isa = PBXTargetDependency;
			target = F1DE42EB1BB6D32C00980A5B /* To Do List */;
			targetProxy = F1DE43031BB6D32D00980A5B /* PBXContainerItemProxy */;
		};
		F1DE430F1BB6D32D00980A5B /* PBXTargetDependency */ = {
			isa = PBXTargetDependency;
			target = F1DE42EB1BB6D32C00980A5B /* To Do List */;
			targetProxy = F1DE430E1BB6D32D00980A5B /* PBXContainerItemProxy */;
		};
/* End PBXTargetDependency section */

/* Begin PBXVariantGroup section */
		F1DE42F51BB6D32C00980A5B /* Main.storyboard */ = {
			isa = PBXVariantGroup;
			children = (
				F1DE42F61BB6D32C00980A5B /* Base */,
			);
			name = Main.storyboard;
			sourceTree = "<group>";
		};
		F1DE42FA1BB6D32C00980A5B /* LaunchScreen.storyboard */ = {
			isa = PBXVariantGroup;
			children = (
				F1DE42FB1BB6D32C00980A5B /* Base */,
			);
			name = LaunchScreen.storyboard;
			sourceTree = "<group>";
		};
/* End PBXVariantGroup section */

/* Begin XCBuildConfiguration section */
		F1DE43141BB6D32D00980A5B /* Debug */ = {
			isa = XCBuildConfiguration;
			buildSettings = {
				ALWAYS_SEARCH_USER_PATHS = NO;
				CLANG_CXX_LANGUAGE_STANDARD = "gnu++0x";
				CLANG_CXX_LIBRARY = "libc++";
				CLANG_ENABLE_MODULES = YES;
				CLANG_ENABLE_OBJC_ARC = YES;
				CLANG_WARN_BOOL_CONVERSION = YES;
				CLANG_WARN_CONSTANT_CONVERSION = YES;
				CLANG_WARN_DIRECT_OBJC_ISA_USAGE = YES_ERROR;
				CLANG_WARN_EMPTY_BODY = YES;
				CLANG_WARN_ENUM_CONVERSION = YES;
				CLANG_WARN_INT_CONVERSION = YES;
				CLANG_WARN_OBJC_ROOT_CLASS = YES_ERROR;
				CLANG_WARN_UNREACHABLE_CODE = YES;
				CLANG_WARN__DUPLICATE_METHOD_MATCH = YES;
				"CODE_SIGN_IDENTITY[sdk=iphoneos*]" = "iPhone Developer";
				COPY_PHASE_STRIP = NO;
				DEBUG_INFORMATION_FORMAT = dwarf;
				ENABLE_STRICT_OBJC_MSGSEND = YES;
				ENABLE_TESTABILITY = YES;
				GCC_C_LANGUAGE_STANDARD = gnu99;
				GCC_DYNAMIC_NO_PIC = NO;
				GCC_NO_COMMON_BLOCKS = YES;
				GCC_OPTIMIZATION_LEVEL = 0;
				GCC_PREPROCESSOR_DEFINITIONS = (
					"DEBUG=1",
					"$(inherited)",
				);
				GCC_WARN_64_TO_32_BIT_CONVERSION = YES;
				GCC_WARN_ABOUT_RETURN_TYPE = YES_ERROR;
				GCC_WARN_UNDECLARED_SELECTOR = YES;
				GCC_WARN_UNINITIALIZED_AUTOS = YES_AGGRESSIVE;
				GCC_WARN_UNUSED_FUNCTION = YES;
				GCC_WARN_UNUSED_VARIABLE = YES;
				IPHONEOS_DEPLOYMENT_TARGET = 9.0;
				MTL_ENABLE_DEBUG_INFO = YES;
				ONLY_ACTIVE_ARCH = YES;
				SDKROOT = iphoneos;
				SWIFT_OPTIMIZATION_LEVEL = "-Onone";
			};
			name = Debug;
		};
		F1DE43151BB6D32D00980A5B /* Release */ = {
			isa = XCBuildConfiguration;
			buildSettings = {
				ALWAYS_SEARCH_USER_PATHS = NO;
				CLANG_CXX_LANGUAGE_STANDARD = "gnu++0x";
				CLANG_CXX_LIBRARY = "libc++";
				CLANG_ENABLE_MODULES = YES;
				CLANG_ENABLE_OBJC_ARC = YES;
				CLANG_WARN_BOOL_CONVERSION = YES;
				CLANG_WARN_CONSTANT_CONVERSION = YES;
				CLANG_WARN_DIRECT_OBJC_ISA_USAGE = YES_ERROR;
				CLANG_WARN_EMPTY_BODY = YES;
				CLANG_WARN_ENUM_CONVERSION = YES;
				CLANG_WARN_INT_CONVERSION = YES;
				CLANG_WARN_OBJC_ROOT_CLASS = YES_ERROR;
				CLANG_WARN_UNREACHABLE_CODE = YES;
				CLANG_WARN__DUPLICATE_METHOD_MATCH = YES;
				"CODE_SIGN_IDENTITY[sdk=iphoneos*]" = "iPhone Developer";
				COPY_PHASE_STRIP = NO;
				DEBUG_INFORMATION_FORMAT = "dwarf-with-dsym";
				ENABLE_NS_ASSERTIONS = NO;
				ENABLE_STRICT_OBJC_MSGSEND = YES;
				GCC_C_LANGUAGE_STANDARD = gnu99;
				GCC_NO_COMMON_BLOCKS = YES;
				GCC_WARN_64_TO_32_BIT_CONVERSION = YES;
				GCC_WARN_ABOUT_RETURN_TYPE = YES_ERROR;
				GCC_WARN_UNDECLARED_SELECTOR = YES;
				GCC_WARN_UNINITIALIZED_AUTOS = YES_AGGRESSIVE;
				GCC_WARN_UNUSED_FUNCTION = YES;
				GCC_WARN_UNUSED_VARIABLE = YES;
				IPHONEOS_DEPLOYMENT_TARGET = 9.0;
				MTL_ENABLE_DEBUG_INFO = NO;
				SDKROOT = iphoneos;
				VALIDATE_PRODUCT = YES;
			};
			name = Release;
		};
		F1DE43171BB6D32D00980A5B /* Debug */ = {
			isa = XCBuildConfiguration;
			buildSettings = {
				ASSETCATALOG_COMPILER_APPICON_NAME = AppIcon;
				INFOPLIST_FILE = "To Do List/Info.plist";
				LD_RUNPATH_SEARCH_PATHS = "$(inherited) @executable_path/Frameworks";
				PRODUCT_BUNDLE_IDENTIFIER = "Toph.To-Do-List";
				PRODUCT_NAME = "$(TARGET_NAME)";
			};
			name = Debug;
		};
		F1DE43181BB6D32D00980A5B /* Release */ = {
			isa = XCBuildConfiguration;
			buildSettings = {
				ASSETCATALOG_COMPILER_APPICON_NAME = AppIcon;
				INFOPLIST_FILE = "To Do List/Info.plist";
				LD_RUNPATH_SEARCH_PATHS = "$(inherited) @executable_path/Frameworks";
				PRODUCT_BUNDLE_IDENTIFIER = "Toph.To-Do-List";
				PRODUCT_NAME = "$(TARGET_NAME)";
			};
			name = Release;
		};
		F1DE431A1BB6D32D00980A5B /* Debug */ = {
			isa = XCBuildConfiguration;
			buildSettings = {
				BUNDLE_LOADER = "$(TEST_HOST)";
				INFOPLIST_FILE = "To Do ListTests/Info.plist";
				LD_RUNPATH_SEARCH_PATHS = "$(inherited) @executable_path/Frameworks @loader_path/Frameworks";
				PRODUCT_BUNDLE_IDENTIFIER = "Toph.To-Do-ListTests";
				PRODUCT_NAME = "$(TARGET_NAME)";
				TEST_HOST = "$(BUILT_PRODUCTS_DIR)/To Do List.app/To Do List";
			};
			name = Debug;
		};
		F1DE431B1BB6D32D00980A5B /* Release */ = {
			isa = XCBuildConfiguration;
			buildSettings = {
				BUNDLE_LOADER = "$(TEST_HOST)";
				INFOPLIST_FILE = "To Do ListTests/Info.plist";
				LD_RUNPATH_SEARCH_PATHS = "$(inherited) @executable_path/Frameworks @loader_path/Frameworks";
				PRODUCT_BUNDLE_IDENTIFIER = "Toph.To-Do-ListTests";
				PRODUCT_NAME = "$(TARGET_NAME)";
				TEST_HOST = "$(BUILT_PRODUCTS_DIR)/To Do List.app/To Do List";
			};
			name = Release;
		};
		F1DE431D1BB6D32D00980A5B /* Debug */ = {
			isa = XCBuildConfiguration;
			buildSettings = {
				INFOPLIST_FILE = "To Do ListUITests/Info.plist";
				LD_RUNPATH_SEARCH_PATHS = "$(inherited) @executable_path/Frameworks @loader_path/Frameworks";
				PRODUCT_BUNDLE_IDENTIFIER = "Toph.To-Do-ListUITests";
				PRODUCT_NAME = "$(TARGET_NAME)";
				TEST_TARGET_NAME = "To Do List";
				USES_XCTRUNNER = YES;
			};
			name = Debug;
		};
		F1DE431E1BB6D32D00980A5B /* Release */ = {
			isa = XCBuildConfiguration;
			buildSettings = {
				INFOPLIST_FILE = "To Do ListUITests/Info.plist";
				LD_RUNPATH_SEARCH_PATHS = "$(inherited) @executable_path/Frameworks @loader_path/Frameworks";
				PRODUCT_BUNDLE_IDENTIFIER = "Toph.To-Do-ListUITests";
				PRODUCT_NAME = "$(TARGET_NAME)";
				TEST_TARGET_NAME = "To Do List";
				USES_XCTRUNNER = YES;
			};
			name = Release;
		};
/* End XCBuildConfiguration section */

/* Begin XCConfigurationList section */
		F1DE42E71BB6D32C00980A5B /* Build configuration list for PBXProject "To Do List" */ = {
			isa = XCConfigurationList;
			buildConfigurations = (
				F1DE43141BB6D32D00980A5B /* Debug */,
				F1DE43151BB6D32D00980A5B /* Release */,
			);
			defaultConfigurationIsVisible = 0;
			defaultConfigurationName = Release;
		};
		F1DE43161BB6D32D00980A5B /* Build configuration list for PBXNativeTarget "To Do List" */ = {
			isa = XCConfigurationList;
			buildConfigurations = (
				F1DE43171BB6D32D00980A5B /* Debug */,
				F1DE43181BB6D32D00980A5B /* Release */,
			);
			defaultConfigurationIsVisible = 0;
		};
		F1DE43191BB6D32D00980A5B /* Build configuration list for PBXNativeTarget "To Do ListTests" */ = {
			isa = XCConfigurationList;
			buildConfigurations = (
				F1DE431A1BB6D32D00980A5B /* Debug */,
				F1DE431B1BB6D32D00980A5B /* Release */,
			);
			defaultConfigurationIsVisible = 0;
		};
		F1DE431C1BB6D32D00980A5B /* Build configuration list for PBXNativeTarget "To Do ListUITests" */ = {
			isa = XCConfigurationList;
			buildConfigurations = (
				F1DE431D1BB6D32D00980A5B /* Debug */,
				F1DE431E1BB6D32D00980A5B /* Release */,
			);
			defaultConfigurationIsVisible = 0;
		};
/* End XCConfigurationList section */
	};
	rootObject = F1DE42E41BB6D32C00980A5B /* Project object */;
}
